
Microsoft Visual Studio Solution File, Format Version 12.00
# Visual Studio Version 17
VisualStudioVersion = 17.14.36203.30 d17.14
MinimumVisualStudioVersion = 10.0.40219.1
Project("{FAE04EC0-301F-11D3-BF4B-00C04F79EFBC}") = "Hospital_Hub_Portal", "Hospital_Hub_Portal.csproj", "{702CF14A-215B-4AD9-A57A-3E8C9CC98143}"
EndProject
Global
	GlobalSection(SolutionConfigurationPlatforms) = preSolution
		Debug|Any CPU = Debug|Any CPU
		Release|Any CPU = Release|Any CPU
	EndGlobalSection
	GlobalSection(ProjectConfigurationPlatforms) = postSolution
		{702CF14A-215B-4AD9-A57A-3E8C9CC98143}.Debug|Any CPU.ActiveCfg = Debug|Any CPU
		{702CF14A-215B-4AD9-A57A-3E8C9CC98143}.Debug|Any CPU.Build.0 = Debug|Any CPU
		{702CF14A-215B-4AD9-A57A-3E8C9CC98143}.Release|Any CPU.ActiveCfg = Release|Any CPU
		{702CF14A-215B-4AD9-A57A-3E8C9CC98143}.Release|Any CPU.Build.0 = Release|Any CPU
	EndGlobalSection
	GlobalSection(SolutionProperties) = preSolution
		HideSolutionNode = FALSE
	EndGlobalSection
	GlobalSection(ExtensibilityGlobals) = postSolution
		SolutionGuid = {6E1B5BE2-EB3B-4961-BFC9-49CA48C5EEDD}
	EndGlobalSection
EndGlobal
